
Microsoft Visual Studio Solution File, Format Version 12.00
# Visual Studio Version 17
VisualStudioVersion = 17.14.36127.28
MinimumVisualStudioVersion = 10.0.40219.1
Project("{FAE04EC0-301F-11D3-BF4B-00C04F79EFBC}") = "API_simples", "API_simples.csproj", "{BF771FEF-85B6-43EB-866E-B518C76F2DB3}"
	ProjectSection(ProjectDependencies) = postProject
		{81AA0756-3FF5-D457-1465-2E7C06DB051B} = {81AA0756-3FF5-D457-1465-2E7C06DB051B}
	EndProjectSection
EndProject
Project("{FAE04EC0-301F-11D3-BF4B-00C04F79EFBC}") = "ModuloCadastro", "..\ERP_simples\ModuloCadastro\ModuloCadastro.csproj", "{81AA0756-3FF5-D457-1465-2E7C06DB051B}"
EndProject
Global
	GlobalSection(SolutionConfigurationPlatforms) = preSolution
		Debug|Any CPU = Debug|Any CPU
		Release|Any CPU = Release|Any CPU
	EndGlobalSection
	GlobalSection(ProjectConfigurationPlatforms) = postSolution
		{BF771FEF-85B6-43EB-866E-B518C76F2DB3}.Debug|Any CPU.ActiveCfg = Debug|Any CPU
		{BF771FEF-85B6-43EB-866E-B518C76F2DB3}.Debug|Any CPU.Build.0 = Debug|Any CPU
		{BF771FEF-85B6-43EB-866E-B518C76F2DB3}.Release|Any CPU.ActiveCfg = Release|Any CPU
		{BF771FEF-85B6-43EB-866E-B518C76F2DB3}.Release|Any CPU.Build.0 = Release|Any CPU
		{81AA0756-3FF5-D457-1465-2E7C06DB051B}.Debug|Any CPU.ActiveCfg = Debug|Any CPU
		{81AA0756-3FF5-D457-1465-2E7C06DB051B}.Debug|Any CPU.Build.0 = Debug|Any CPU
		{81AA0756-3FF5-D457-1465-2E7C06DB051B}.Release|Any CPU.ActiveCfg = Release|Any CPU
		{81AA0756-3FF5-D457-1465-2E7C06DB051B}.Release|Any CPU.Build.0 = Release|Any CPU
	EndGlobalSection
	GlobalSection(SolutionProperties) = preSolution
		HideSolutionNode = FALSE
	EndGlobalSection
	GlobalSection(ExtensibilityGlobals) = postSolution
		SolutionGuid = {C2EAA85F-EE1F-480E-9D54-3FA7BCD16991}
	EndGlobalSection
EndGlobal
